
Microsoft Visual Studio Solution File, Format Version 11.00
# Visual Studio 2010
Project("{FAE04EC0-301F-11D3-BF4B-00C04F79EFBC}") = "Assembly-CSharp", "Assembly-CSharp.csproj", "{a2941c46-da00-8a61-4660-d7b3a6d887a9}"
EndProject
Project("{FAE04EC0-301F-11D3-BF4B-00C04F79EFBC}") = "Assembly-CSharp-Editor", "Assembly-CSharp-Editor.csproj", "{92ecd7f7-e89f-c026-d6fc-481ad2992def}"
EndProject
Global
	GlobalSection(SolutionConfigurationPlatforms) = preSolution
		Debug|Any CPU = Debug|Any CPU
		Release|Any CPU = Release|Any CPU
	EndGlobalSection
	GlobalSection(ProjectConfigurationPlatforms) = postSolution
		{a2941c46-da00-8a61-4660-d7b3a6d887a9}.Debug|Any CPU.ActiveCfg = Debug|Any CPU
		{a2941c46-da00-8a61-4660-d7b3a6d887a9}.Debug|Any CPU.Build.0 = Debug|Any CPU
		{a2941c46-da00-8a61-4660-d7b3a6d887a9}.Release|Any CPU.ActiveCfg = Release|Any CPU
		{a2941c46-da00-8a61-4660-d7b3a6d887a9}.Release|Any CPU.Build.0 = Release|Any CPU
		{92ecd7f7-e89f-c026-d6fc-481ad2992def}.Debug|Any CPU.ActiveCfg = Debug|Any CPU
		{92ecd7f7-e89f-c026-d6fc-481ad2992def}.Debug|Any CPU.Build.0 = Debug|Any CPU
		{92ecd7f7-e89f-c026-d6fc-481ad2992def}.Release|Any CPU.ActiveCfg = Release|Any CPU
		{92ecd7f7-e89f-c026-d6fc-481ad2992def}.Release|Any CPU.Build.0 = Release|Any CPU
	EndGlobalSection
	GlobalSection(SolutionProperties) = preSolution
		HideSolutionNode = FALSE
	EndGlobalSection
EndGlobal
